// !$*UTF8*$!
{
	archiveVersion = 1;
	classes = {
	};
	objectVersion = 56;
	objects = {

/* Begin PBXBuildFile section */
		03B318C028F1339D006F6784 /* RenameToolApp.swift in Sources */ = {isa = PBXBuildFile; fileRef = 03B318BF28F1339D006F6784 /* RenameToolApp.swift */; };
		03B318C228F1339D006F6784 /* ContentView.swift in Sources */ = {isa = PBXBuildFile; fileRef = 03B318C128F1339D006F6784 /* ContentView.swift */; };
		03B318C428F1339E006F6784 /* Assets.xcassets in Resources */ = {isa = PBXBuildFile; fileRef = 03B318C328F1339E006F6784 /* Assets.xcassets */; };
		03B318C728F1339E006F6784 /* Preview Assets.xcassets in Resources */ = {isa = PBXBuildFile; fileRef = 03B318C628F1339E006F6784 /* Preview Assets.xcassets */; };
		03B318D028F1516F006F6784 /* BlurView.swift in Sources */ = {isa = PBXBuildFile; fileRef = 03B318CF28F1516F006F6784 /* BlurView.swift */; };
		03B318D228F152FC006F6784 /* SideView.swift in Sources */ = {isa = PBXBuildFile; fileRef = 03B318D128F152FC006F6784 /* SideView.swift */; };
		03B318D528F2AE6B006F6784 /* OpenedFiles.swift in Sources */ = {isa = PBXBuildFile; fileRef = 03B318D428F2AE6B006F6784 /* OpenedFiles.swift */; };
		03B318D728F2AFC9006F6784 /* ReplaceView.swift in Sources */ = {isa = PBXBuildFile; fileRef = 03B318D628F2AFC9006F6784 /* ReplaceView.swift */; };
		03B318D928F2C129006F6784 /* OrderNumberView.swift in Sources */ = {isa = PBXBuildFile; fileRef = 03B318D828F2C129006F6784 /* OrderNumberView.swift */; };
		03B318DB28F2C901006F6784 /* README.md in Resources */ = {isa = PBXBuildFile; fileRef = 03B318DA28F2C901006F6784 /* README.md */; };
/* End PBXBuildFile section */

/* Begin PBXFileReference section */
		03B318BC28F1339D006F6784 /* RenameTool.app */ = {isa = PBXFileReference; explicitFileType = wrapper.application; includeInIndex = 0; path = RenameTool.app; sourceTree = BUILT_PRODUCTS_DIR; };
		03B318BF28F1339D006F6784 /* RenameToolApp.swift */ = {isa = PBXFileReference; lastKnownFileType = sourcecode.swift; path = RenameToolApp.swift; sourceTree = "<group>"; };
		03B318C128F1339D006F6784 /* ContentView.swift */ = {isa = PBXFileReference; lastKnownFileType = sourcecode.swift; path = ContentView.swift; sourceTree = "<group>"; };
		03B318C328F1339E006F6784 /* Assets.xcassets */ = {isa = PBXFileReference; lastKnownFileType = folder.assetcatalog; path = Assets.xcassets; sourceTree = "<group>"; };
		03B318C628F1339E006F6784 /* Preview Assets.xcassets */ = {isa = PBXFileReference; lastKnownFileType = folder.assetcatalog; path = "Preview Assets.xcassets"; sourceTree = "<group>"; };
		03B318C828F1339E006F6784 /* RenameTool.entitlements */ = {isa = PBXFileReference; lastKnownFileType = text.plist.entitlements; path = RenameTool.entitlements; sourceTree = "<group>"; };
		03B318CF28F1516F006F6784 /* BlurView.swift */ = {isa = PBXFileReference; lastKnownFileType = sourcecode.swift; path = BlurView.swift; sourceTree = "<group>"; };
		03B318D128F152FC006F6784 /* SideView.swift */ = {isa = PBXFileReference; lastKnownFileType = sourcecode.swift; path = SideView.swift; sourceTree = "<group>"; };
		03B318D428F2AE6B006F6784 /* OpenedFiles.swift */ = {isa = PBXFileReference; lastKnownFileType = sourcecode.swift; path = OpenedFiles.swift; sourceTree = "<group>"; };
		03B318D628F2AFC9006F6784 /* ReplaceView.swift */ = {isa = PBXFileReference; lastKnownFileType = sourcecode.swift; path = ReplaceView.swift; sourceTree = "<group>"; };
		03B318D828F2C129006F6784 /* OrderNumberView.swift */ = {isa = PBXFileReference; lastKnownFileType = sourcecode.swift; path = OrderNumberView.swift; sourceTree = "<group>"; };
		03B318DA28F2C901006F6784 /* README.md */ = {isa = PBXFileReference; fileEncoding = 4; lastKnownFileType = net.daringfireball.markdown; path = README.md; sourceTree = SOURCE_ROOT; };
/* End PBXFileReference section */

/* Begin PBXFrameworksBuildPhase section */
		03B318B928F1339D006F6784 /* Frameworks */ = {
			isa = PBXFrameworksBuildPhase;
			buildActionMask = 2147483647;
			files = (
			);
			runOnlyForDeploymentPostprocessing = 0;
		};
/* End PBXFrameworksBuildPhase section */

/* Begin PBXGroup section */
		03B318B328F1339D006F6784 = {
			isa = PBXGroup;
			children = (
				03B318DA28F2C901006F6784 /* README.md */,
				03B318BE28F1339D006F6784 /* RenameTool */,
				03B318BD28F1339D006F6784 /* Products */,
			);
			sourceTree = "<group>";
		};
		03B318BD28F1339D006F6784 /* Products */ = {
			isa = PBXGroup;
			children = (
				03B318BC28F1339D006F6784 /* RenameTool.app */,
			);
			name = Products;
			sourceTree = "<group>";
		};
		03B318BE28F1339D006F6784 /* RenameTool */ = {
			isa = PBXGroup;
			children = (
				03B318C828F1339E006F6784 /* RenameTool.entitlements */,
				03B318BF28F1339D006F6784 /* RenameToolApp.swift */,
				03B318C328F1339E006F6784 /* Assets.xcassets */,
				03B318D328F2AE49006F6784 /* Models */,
				03B318C528F1339E006F6784 /* Preview Content */,
				03B318CE28F14D8B006F6784 /* Views */,
			);
			path = RenameTool;
			sourceTree = "<group>";
		};
		03B318C528F1339E006F6784 /* Preview Content */ = {
			isa = PBXGroup;
			children = (
				03B318C628F1339E006F6784 /* Preview Assets.xcassets */,
			);
			path = "Preview Content";
			sourceTree = "<group>";
		};
		03B318CE28F14D8B006F6784 /* Views */ = {
			isa = PBXGroup;
			children = (
				03B318C128F1339D006F6784 /* ContentView.swift */,
				03B318CF28F1516F006F6784 /* BlurView.swift */,
				03B318D128F152FC006F6784 /* SideView.swift */,
				03B318D628F2AFC9006F6784 /* ReplaceView.swift */,
				03B318D828F2C129006F6784 /* OrderNumberView.swift */,
			);
			path = Views;
			sourceTree = "<group>";
		};
		03B318D328F2AE49006F6784 /* Models */ = {
			isa = PBXGroup;
			children = (
				03B318D428F2AE6B006F6784 /* OpenedFiles.swift */,
			);
			path = Models;
			sourceTree = "<group>";
		};
/* End PBXGroup section */

/* Begin PBXNativeTarget section */
		03B318BB28F1339D006F6784 /* RenameTool */ = {
			isa = PBXNativeTarget;
			buildConfigurationList = 03B318CB28F1339E006F6784 /* Build configuration list for PBXNativeTarget "RenameTool" */;
			buildPhases = (
				03B318B828F1339D006F6784 /* Sources */,
				03B318B928F1339D006F6784 /* Frameworks */,
				03B318BA28F1339D006F6784 /* Resources */,
			);
			buildRules = (
			);
			dependencies = (
			);
			name = RenameTool;
			productName = RenameTool;
			productReference = 03B318BC28F1339D006F6784 /* RenameTool.app */;
			productType = "com.apple.product-type.application";
		};
/* End PBXNativeTarget section */

/* Begin PBXProject section */
		03B318B428F1339D006F6784 /* Project object */ = {
			isa = PBXProject;
			attributes = {
				BuildIndependentTargetsInParallel = 1;
				LastSwiftUpdateCheck = 1400;
				LastUpgradeCheck = 1400;
				TargetAttributes = {
					03B318BB28F1339D006F6784 = {
						CreatedOnToolsVersion = 14.0.1;
					};
				};
			};
			buildConfigurationList = 03B318B728F1339D006F6784 /* Build configuration list for PBXProject "RenameTool" */;
			compatibilityVersion = "Xcode 14.0";
			developmentRegion = en;
			hasScannedForEncodings = 0;
			knownRegions = (
				en,
				Base,
			);
			mainGroup = 03B318B328F1339D006F6784;
			productRefGroup = 03B318BD28F1339D006F6784 /* Products */;
			projectDirPath = "";
			projectRoot = "";
			targets = (
				03B318BB28F1339D006F6784 /* RenameTool */,
			);
		};
/* End PBXProject section */

/* Begin PBXResourcesBuildPhase section */
		03B318BA28F1339D006F6784 /* Resources */ = {
			isa = PBXResourcesBuildPhase;
			buildActionMask = 2147483647;
			files = (
				03B318DB28F2C901006F6784 /* README.md in Resources */,
				03B318C728F1339E006F6784 /* Preview Assets.xcassets in Resources */,
				03B318C428F1339E006F6784 /* Assets.xcassets in Resources */,
			);
			runOnlyForDeploymentPostprocessing = 0;
		};
/* End PBXResourcesBuildPhase section */

/* Begin PBXSourcesBuildPhase section */
		03B318B828F1339D006F6784 /* Sources */ = {
			isa = PBXSourcesBuildPhase;
			buildActionMask = 2147483647;
			files = (
				03B318C228F1339D006F6784 /* ContentView.swift in Sources */,
				03B318D928F2C129006F6784 /* OrderNumberView.swift in Sources */,
				03B318C028F1339D006F6784 /* RenameToolApp.swift in Sources */,
				03B318D028F1516F006F6784 /* BlurView.swift in Sources */,
				03B318D728F2AFC9006F6784 /* ReplaceView.swift in Sources */,
				03B318D528F2AE6B006F6784 /* OpenedFiles.swift in Sources */,
				03B318D228F152FC006F6784 /* SideView.swift in Sources */,
			);
			runOnlyForDeploymentPostprocessing = 0;
		};
/* End PBXSourcesBuildPhase section */

/* Begin XCBuildConfiguration section */
		03B318C928F1339E006F6784 /* Debug */ = {
			isa = XCBuildConfiguration;
			buildSettings = {
				ALWAYS_SEARCH_USER_PATHS = NO;
				CLANG_ANALYZER_NONNULL = YES;
				CLANG_ANALYZER_NUMBER_OBJECT_CONVERSION = YES_AGGRESSIVE;
				CLANG_CXX_LANGUAGE_STANDARD = "gnu++20";
				CLANG_ENABLE_MODULES = YES;
				CLANG_ENABLE_OBJC_ARC = YES;
				CLANG_ENABLE_OBJC_WEAK = YES;
				CLANG_WARN_BLOCK_CAPTURE_AUTORELEASING = YES;
				CLANG_WARN_BOOL_CONVERSION = YES;
				CLANG_WARN_COMMA = YES;
				CLANG_WARN_CONSTANT_CONVERSION = YES;
				CLANG_WARN_DEPRECATED_OBJC_IMPLEMENTATIONS = YES;
				CLANG_WARN_DIRECT_OBJC_ISA_USAGE = YES_ERROR;
				CLANG_WARN_DOCUMENTATION_COMMENTS = YES;
				CLANG_WARN_EMPTY_BODY = YES;
				CLANG_WARN_ENUM_CONVERSION = YES;
				CLANG_WARN_INFINITE_RECURSION = YES;
				CLANG_WARN_INT_CONVERSION = YES;
				CLANG_WARN_NON_LITERAL_NULL_CONVERSION = YES;
				CLANG_WARN_OBJC_IMPLICIT_RETAIN_SELF = YES;
				CLANG_WARN_OBJC_LITERAL_CONVERSION = YES;
				CLANG_WARN_OBJC_ROOT_CLASS = YES_ERROR;
				CLANG_WARN_QUOTED_INCLUDE_IN_FRAMEWORK_HEADER = YES;
				CLANG_WARN_RANGE_LOOP_ANALYSIS = YES;
				CLANG_WARN_STRICT_PROTOTYPES = YES;
				CLANG_WARN_SUSPICIOUS_MOVE = YES;
				CLANG_WARN_UNGUARDED_AVAILABILITY = YES_AGGRESSIVE;
				CLANG_WARN_UNREACHABLE_CODE = YES;
				CLANG_WARN__DUPLICATE_METHOD_MATCH = YES;
				COPY_PHASE_STRIP = NO;
				DEBUG_INFORMATION_FORMAT = dwarf;
				ENABLE_STRICT_OBJC_MSGSEND = YES;
				ENABLE_TESTABILITY = YES;
				GCC_C_LANGUAGE_STANDARD = gnu11;
				GCC_DYNAMIC_NO_PIC = NO;
				GCC_NO_COMMON_BLOCKS = YES;
				GCC_OPTIMIZATION_LEVEL = 0;
				GCC_PREPROCESSOR_DEFINITIONS = (
					"DEBUG=1",
					"$(inherited)",
				);
				GCC_WARN_64_TO_32_BIT_CONVERSION = YES;
				GCC_WARN_ABOUT_RETURN_TYPE = YES_ERROR;
				GCC_WARN_UNDECLARED_SELECTOR = YES;
				GCC_WARN_UNINITIALIZED_AUTOS = YES_AGGRESSIVE;
				GCC_WARN_UNUSED_FUNCTION = YES;
				GCC_WARN_UNUSED_VARIABLE = YES;
				MACOSX_DEPLOYMENT_TARGET = 12.3;
				MTL_ENABLE_DEBUG_INFO = INCLUDE_SOURCE;
				MTL_FAST_MATH = YES;
				ONLY_ACTIVE_ARCH = YES;
				SDKROOT = macosx;
				SWIFT_ACTIVE_COMPILATION_CONDITIONS = DEBUG;
				SWIFT_OPTIMIZATION_LEVEL = "-Onone";
			};
			name = Debug;
		};
		03B318CA28F1339E006F6784 /* Release */ = {
			isa = XCBuildConfiguration;
			buildSettings = {
				ALWAYS_SEARCH_USER_PATHS = NO;
				CLANG_ANALYZER_NONNULL = YES;
				CLANG_ANALYZER_NUMBER_OBJECT_CONVERSION = YES_AGGRESSIVE;
				CLANG_CXX_LANGUAGE_STANDARD = "gnu++20";
				CLANG_ENABLE_MODULES = YES;
				CLANG_ENABLE_OBJC_ARC = YES;
				CLANG_ENABLE_OBJC_WEAK = YES;
				CLANG_WARN_BLOCK_CAPTURE_AUTORELEASING = YES;
				CLANG_WARN_BOOL_CONVERSION = YES;
				CLANG_WARN_COMMA = YES;
				CLANG_WARN_CONSTANT_CONVERSION = YES;
				CLANG_WARN_DEPRECATED_OBJC_IMPLEMENTATIONS = YES;
				CLANG_WARN_DIRECT_OBJC_ISA_USAGE = YES_ERROR;
				CLANG_WARN_DOCUMENTATION_COMMENTS = YES;
				CLANG_WARN_EMPTY_BODY = YES;
				CLANG_WARN_ENUM_CONVERSION = YES;
				CLANG_WARN_INFINITE_RECURSION = YES;
				CLANG_WARN_INT_CONVERSION = YES;
				CLANG_WARN_NON_LITERAL_NULL_CONVERSION = YES;
				CLANG_WARN_OBJC_IMPLICIT_RETAIN_SELF = YES;
				CLANG_WARN_OBJC_LITERAL_CONVERSION = YES;
				CLANG_WARN_OBJC_ROOT_CLASS = YES_ERROR;
				CLANG_WARN_QUOTED_INCLUDE_IN_FRAMEWORK_HEADER = YES;
				CLANG_WARN_RANGE_LOOP_ANALYSIS = YES;
				CLANG_WARN_STRICT_PROTOTYPES = YES;
				CLANG_WARN_SUSPICIOUS_MOVE = YES;
				CLANG_WARN_UNGUARDED_AVAILABILITY = YES_AGGRESSIVE;
				CLANG_WARN_UNREACHABLE_CODE = YES;
				CLANG_WARN__DUPLICATE_METHOD_MATCH = YES;
				COPY_PHASE_STRIP = NO;
				DEBUG_INFORMATION_FORMAT = "dwarf-with-dsym";
				ENABLE_NS_ASSERTIONS = NO;
				ENABLE_STRICT_OBJC_MSGSEND = YES;
				GCC_C_LANGUAGE_STANDARD = gnu11;
				GCC_NO_COMMON_BLOCKS = YES;
				GCC_WARN_64_TO_32_BIT_CONVERSION = YES;
				GCC_WARN_ABOUT_RETURN_TYPE = YES_ERROR;
				GCC_WARN_UNDECLARED_SELECTOR = YES;
				GCC_WARN_UNINITIALIZED_AUTOS = YES_AGGRESSIVE;
				GCC_WARN_UNUSED_FUNCTION = YES;
				GCC_WARN_UNUSED_VARIABLE = YES;
				MACOSX_DEPLOYMENT_TARGET = 12.3;
				MTL_ENABLE_DEBUG_INFO = NO;
				MTL_FAST_MATH = YES;
				SDKROOT = macosx;
				SWIFT_COMPILATION_MODE = wholemodule;
				SWIFT_OPTIMIZATION_LEVEL = "-O";
			};
			name = Release;
		};
		03B318CC28F1339E006F6784 /* Debug */ = {
			isa = XCBuildConfiguration;
			buildSettings = {
				ASSETCATALOG_COMPILER_APPICON_NAME = AppIcon;
				ASSETCATALOG_COMPILER_GLOBAL_ACCENT_COLOR_NAME = AccentColor;
				CODE_SIGN_ENTITLEMENTS = RenameTool/RenameTool.entitlements;
				"CODE_SIGN_IDENTITY[sdk=macosx*]" = "Apple Development";
				CODE_SIGN_STYLE = Automatic;
				COMBINE_HIDPI_IMAGES = YES;
				CURRENT_PROJECT_VERSION = 1;
				DEVELOPMENT_ASSET_PATHS = "\"RenameTool/Preview Content\"";
				DEVELOPMENT_TEAM = L6D3TXCQ53;
				ENABLE_HARDENED_RUNTIME = YES;
				ENABLE_PREVIEWS = YES;
				GENERATE_INFOPLIST_FILE = YES;
				INFOPLIST_KEY_CFBundleDisplayName = "Rename Toolw";
				INFOPLIST_KEY_LSApplicationCategoryType = "public.app-category.utilities";
				INFOPLIST_KEY_NSHumanReadableCopyright = "";
				LD_RUNPATH_SEARCH_PATHS = (
					"$(inherited)",
					"@executable_path/../Frameworks",
				);
				MARKETING_VERSION = 1.0;
				PRODUCT_BUNDLE_IDENTIFIER = hungtcs.RenameTool;
				PRODUCT_NAME = "$(TARGET_NAME)";
				SWIFT_EMIT_LOC_STRINGS = YES;
				SWIFT_VERSION = 5.0;
			};
			name = Debug;
		};
		03B318CD28F1339E006F6784 /* Release */ = {
			isa = XCBuildConfiguration;
			buildSettings = {
				ASSETCATALOG_COMPILER_APPICON_NAME = AppIcon;
				ASSETCATALOG_COMPILER_GLOBAL_ACCENT_COLOR_NAME = AccentColor;
				CODE_SIGN_ENTITLEMENTS = RenameTool/RenameTool.entitlements;
				"CODE_SIGN_IDENTITY[sdk=macosx*]" = "Apple Development";
				CODE_SIGN_STYLE = Automatic;
				COMBINE_HIDPI_IMAGES = YES;
				CURRENT_PROJECT_VERSION = 1;
				DEVELOPMENT_ASSET_PATHS = "\"RenameTool/Preview Content\"";
				DEVELOPMENT_TEAM = L6D3TXCQ53;
				ENABLE_HARDENED_RUNTIME = YES;
				ENABLE_PREVIEWS = YES;
				GENERATE_INFOPLIST_FILE = YES;
				INFOPLIST_KEY_CFBundleDisplayName = "Rename Toolw";
				INFOPLIST_KEY_LSApplicationCategoryType = "public.app-category.utilities";
				INFOPLIST_KEY_NSHumanReadableCopyright = "";
				LD_RUNPATH_SEARCH_PATHS = (
					"$(inherited)",
					"@executable_path/../Frameworks",
				);
				MARKETING_VERSION = 1.0;
				PRODUCT_BUNDLE_IDENTIFIER = hungtcs.RenameTool;
				PRODUCT_NAME = "$(TARGET_NAME)";
				SWIFT_EMIT_LOC_STRINGS = YES;
				SWIFT_VERSION = 5.0;
			};
			name = Release;
		};
/* End XCBuildConfiguration section */

/* Begin XCConfigurationList section */
		03B318B728F1339D006F6784 /* Build configuration list for PBXProject "RenameTool" */ = {
			isa = XCConfigurationList;
			buildConfigurations = (
				03B318C928F1339E006F6784 /* Debug */,
				03B318CA28F1339E006F6784 /* Release */,
			);
			defaultConfigurationIsVisible = 0;
			defaultConfigurationName = Release;
		};
		03B318CB28F1339E006F6784 /* Build configuration list for PBXNativeTarget "RenameTool" */ = {
			isa = XCConfigurationList;
			buildConfigurations = (
				03B318CC28F1339E006F6784 /* Debug */,
				03B318CD28F1339E006F6784 /* Release */,
			);
			defaultConfigurationIsVisible = 0;
			defaultConfigurationName = Release;
		};
/* End XCConfigurationList section */
	};
	rootObject = 03B318B428F1339D006F6784 /* Project object */;
}
